<Solution>
  <Folder Name="/src/">
    <Project Path="src/BigBrain.Api/BigBrain.Api.csproj" />
    <Project Path="src/BigBrain.Modules/BigBrain.Modules.csproj" />
    <Project Path="src/BigBrain.Sentinel/BigBrain.Sentinel.csproj" />
  </Folder>
  <Folder Name="/tests/">
    <Project Path="tests/BigBrain.Api.Tests/BigBrain.Api.Tests.csproj" />
    <Project Path="tests/BigBrain.Sentinel.Tests/BigBrain.Sentinel.Tests.csproj" />
  </Folder>
</Solution>
